# This file is automatically @generated by Cargo.
# It is not intended for manual editing.
version = 4

[[package]]
name = "canokey"
version = "0.1.0"
dependencies = [
 "canokey-admin",
 "canokey-compat",
 "canokey-piv",
 "canokey-protocol",
]

[[package]]
name = "canokey-admin"
version = "0.1.0"
dependencies = [
 "canokey-protocol",
]

[[package]]
name = "canokey-compat"
version = "0.1.0"
dependencies = [
 "canokey-protocol",
]

[[package]]
name = "canokey-piv"
version = "0.1.0"
dependencies = [
 "canokey-compat",
 "canokey-protocol",
]

[[package]]
name = "canokey-protocol"
version = "0.1.0"
dependencies = [
 "zeroize",
]

[[package]]
name = "zeroize"
version = "1.9.0"
source = "registry+https://github.com/rust-lang/crates.io-index"
checksum = "e13c156562582aa81c60cb29407084cdb54c4164760106ab78e6c5b0858cf64e"
